{
  "name": "yuzu-games-wiki-validation",
  "version": "1.0.0",
  "lockfileVersion": 1,
  "requires": true,
  "dependencies": {
    "component-props": {
      "version": "1.1.1",
      "resolved": "https://registry.npmjs.org/component-props/-/component-props-1.1.1.tgz",
      "integrity": "sha1-+bffm5kntubZfJvScqqGdnDzSUQ="
    },
    "file-type": {
      "version": "4.4.0",
      "resolved": "https://registry.npmjs.org/file-type/-/file-type-4.4.0.tgz",
      "integrity": "sha1-G2AOX8ofvcboDApwxxyNul95BsU="
    },
    "group-by": {
      "version": "0.0.1",
      "resolved": "https://registry.npmjs.org/group-by/-/group-by-0.0.1.tgz",
      "integrity": "sha1-hXYgV19nFHhvjYa7Gf0T4YjdaKQ=",
      "requires": {
        "to-function": "2.0.6"
      }
    },
    "image-size": {
      "version": "0.5.5",
      "resolved": "https://registry.npmjs.org/image-size/-/image-size-0.5.5.tgz",
      "integrity": "sha1-Cd/Uq50g4p6xw+gLiZA3jfnjy5w="
    },
    "image-type": {
      "version": "3.0.0",
      "resolved": "https://registry.npmjs.org/image-type/-/image-type-3.0.0.tgz",
      "integrity": "sha1-FQKvMTX5BuEiyHfDHpSve3qRRsU=",
      "requires": {
        "file-type": "4.4.0"
      }
    },
    "p-finally": {
      "version": "1.0.0",
      "resolved": "https://registry.npmjs.org/p-finally/-/p-finally-1.0.0.tgz",
      "integrity": "sha1-P7z7FbiZpEEjs0ttzBi3JDNqLK4="
    },
    "p-try": {
      "version": "2.0.0",
      "resolved": "https://registry.npmjs.org/p-try/-/p-try-2.0.0.tgz",
      "integrity": "sha512-hMp0onDKIajHfIkdRk3P4CdCmErkYAxxDtP3Wx/4nZ3aGlau2VKh3mZpcuFkH27WQkL/3WBCPOktzA9ZOAnMQQ=="
    },
    "pify": {
      "version": "4.0.1",
      "resolved": "https://registry.npmjs.org/pify/-/pify-4.0.1.tgz",
      "integrity": "sha512-uB80kBFb/tfd68bVleG9T5GGsGPjJrLAUpR5PZIrhBnIaRTQRjqdJSsIKkOP6OAIFbj7GOrcudc5pNjZ+geV2g=="
    },
    "read-chunk": {
      "version": "3.0.0",
      "resolved": "https://registry.npmjs.org/read-chunk/-/read-chunk-3.0.0.tgz",
      "integrity": "sha512-8lBUVPjj9TC5bKLBacB+rpexM03+LWiYbv6ma3BeWmUYXGxqA1WNNgIZHq/iIsCrbFMzPhFbkOqdsyOFRnuoXg==",
      "requires": {
        "pify": "4.0.1",
        "with-open-file": "0.1.4"
      }
    },
    "to-function": {
      "version": "2.0.6",
      "resolved": "https://registry.npmjs.org/to-function/-/to-function-2.0.6.tgz",
      "integrity": "sha1-fVbNnDuS+o29eyLoPVGSTedA68U=",
      "requires": {
        "component-props": "1.1.1"
      }
    },
    "toml": {
      "version": "2.3.3",
      "resolved": "https://registry.npmjs.org/toml/-/toml-2.3.3.tgz",
      "integrity": "sha512-O7L5hhSQHxuufWUdcTRPfuTh3phKfAZ/dqfxZFoxPCj2RYmpaSGLEIs016FCXItQwNr08yefUB5TSjzRYnajTA=="
    },
    "with-open-file": {
      "version": "0.1.4",
      "resolved": "https://registry.npmjs.org/with-open-file/-/with-open-file-0.1.4.tgz",
      "integrity": "sha512-BswUwq/x/BYtNFMr4Uw9V+P2uroc9/tcDpZ2RdDHehzwCKJFF1PSIjJmBNfpUE3UQyJmVINRLOW49WTXQMEnvg==",
      "requires": {
        "p-finally": "1.0.0",
        "p-try": "2.0.0",
        "pify": "3.0.0"
      },
      "dependencies": {
        "pify": {
          "version": "3.0.0",
          "resolved": "https://registry.npmjs.org/pify/-/pify-3.0.0.tgz",
          "integrity": "sha1-5aSs0sEB/fPZpNB/DbxNtJ3SgXY="
        }
      }
    }
  }
}
